
Microsoft Visual Studio Solution File, Format Version 12.00
# Visual Studio 15
VisualStudioVersion = 15.0.27130.2036
MinimumVisualStudioVersion = 10.0.40219.1
Project("{8BC9CEB8-8B4A-11D0-8D11-00A0C91BC942}") = "01_CreateDevice", "PROJECT\01_CreateDevice\01_CreateDevice.vcxproj", "{FBC02B9C-2EC1-4BBD-A61B-FAEF92584ED3}"
EndProject
Project("{8BC9CEB8-8B4A-11D0-8D11-00A0C91BC942}") = "02_DXGI", "PROJECT\02_DXGI\02_CreateDevice_2.vcxproj", "{28307CD8-2FCC-4557-8EA7-9993DB5A0B49}"
EndProject
Project("{8BC9CEB8-8B4A-11D0-8D11-00A0C91BC942}") = "03_Resize_Fullsize", "PROJECT\03_Resize_Fullsize\03_Resize_Fullsize.vcxproj", "{875913BA-A9F2-4870-ACA4-12213547D2F7}"
EndProject
Project("{8BC9CEB8-8B4A-11D0-8D11-00A0C91BC942}") = "04_Timer", "PROJECT\04_Timer\04_Timer.vcxproj", "{0C462C4F-9E7A-4A15-88BA-26FF854F1E11}"
EndProject
Project("{8BC9CEB8-8B4A-11D0-8D11-00A0C91BC942}") = "05_DirectWrite", "PROJECT\05_DirectWrite\05_DirectWrite.vcxproj", "{A7DE38AB-A1F9-4F81-821F-0F2322B6506C}"
EndProject
Project("{2150E333-8FDC-42A3-9474-1A3956D46DE8}") = "Ch1", "Ch1", "{C1BB472A-95E2-476C-B93C-679A5322D371}"
EndProject
Project("{8BC9CEB8-8B4A-11D0-8D11-00A0C91BC942}") = "06_DirectInput", "PROJECT\06_DirectInput\06_DirectInput.vcxproj", "{32528132-F815-49CA-B674-3DA18F13C0F8}"
EndProject
Project("{8BC9CEB8-8B4A-11D0-8D11-00A0C91BC942}") = "07_BasicLib", "PROJECT\07_BasicLib\07_BasicLib.vcxproj", "{6E8135FA-37A9-4A83-AEB6-9A0320C8ED6F}"
EndProject
Project("{2150E333-8FDC-42A3-9474-1A3956D46DE8}") = "Ch2", "Ch2", "{0A784478-ECC5-46E9-858D-B36A04E1F4C0}"
EndProject
Project("{8BC9CEB8-8B4A-11D0-8D11-00A0C91BC942}") = "08_VertexSample", "PROJECT\08_VertexSample\08_VertexSample.vcxproj", "{B4AFE590-FDEB-445F-A92E-FE6AD167F6CE}"
EndProject
Project("{8BC9CEB8-8B4A-11D0-8D11-00A0C91BC942}") = "09_IndexSample", "PROJECT\09_IndexSample\09_IndexSample.vcxproj", "{A2920D41-E1F9-4984-809A-0A9C8A2ABDB7}"
EndProject
Project("{8BC9CEB8-8B4A-11D0-8D11-00A0C91BC942}") = "10_ConstansSample", "PROJECT\10_ConstansSample\10_ConstansSample.vcxproj", "{6B73BC2B-A262-4F3E-A570-A6408F456504}"
EndProject
Project("{8BC9CEB8-8B4A-11D0-8D11-00A0C91BC942}") = "11_PrimitiveSample", "PROJECT\11_PrimitiveSample\11_PrimitiveSample.vcxproj", "{17156AEF-4956-432C-BA60-C75DADEE8E1D}"
EndProject
Project("{2150E333-8FDC-42A3-9474-1A3956D46DE8}") = "Ch3", "Ch3", "{80AC35E0-FC06-4DD4-9777-DA778C9917F4}"
EndProject
Project("{8BC9CEB8-8B4A-11D0-8D11-00A0C91BC942}") = "12_TextureSample", "PROJECT\12_Texture\12_Texture.vcxproj", "{D9A7D185-8F72-44A1-908E-A78037938857}"
EndProject
Project("{8BC9CEB8-8B4A-11D0-8D11-00A0C91BC942}") = "13_ButtonRotation", "PROJECT\13_ButtonRotation\13_ButtonRotation.vcxproj", "{1100C021-DF97-4ABA-BD58-2420B5C33151}"
EndProject
Project("{8BC9CEB8-8B4A-11D0-8D11-00A0C91BC942}") = "14_AccessImage", "PROJECT\14_AccessImage\14_AccessImage.vcxproj", "{07A81D36-6116-4E24-86E3-47C3D77C130C}"
EndProject
Project("{8BC9CEB8-8B4A-11D0-8D11-00A0C91BC942}") = "15_Texture2", "PROJECT\15_Texture2\15_Texture2.vcxproj", "{23DAB28D-1FA1-4789-9417-2CF556EAC223}"
EndProject
Project("{8BC9CEB8-8B4A-11D0-8D11-00A0C91BC942}") = "16_GeometrySample", "PROJECT\16_GeometrySample\16_GeometrySample.vcxproj", "{B31BDE91-2CFF-441B-A841-19FCD798860C}"
EndProject
Project("{2150E333-8FDC-42A3-9474-1A3956D46DE8}") = "3d", "3d", "{E31B8CEB-AE0D-4D46-B265-6E29893DCE9B}"
EndProject
Project("{8BC9CEB8-8B4A-11D0-8D11-00A0C91BC942}") = "00_3dLib_1", "3D\00_3dLib_1\00_3dLib_1.vcxproj", "{A3E90E65-5ACD-49EF-9101-72474B5F1CEE}"
EndProject
Project("{8BC9CEB8-8B4A-11D0-8D11-00A0C91BC942}") = "01_BoxRotation", "3D\01_BoxRotation\01_BoxRotation.vcxproj", "{9533F086-E041-49C2-AF07-B5FC2CC56C50}"
EndProject
Project("{8BC9CEB8-8B4A-11D0-8D11-00A0C91BC942}") = "02_ModelView", "3D\02_ModelView\02_ModelView.vcxproj", "{742EB159-506C-4E98-839A-E3C3FB18A055}"
EndProject
Project("{8BC9CEB8-8B4A-11D0-8D11-00A0C91BC942}") = "03_DefaultMap", "3D\03_DefaultMap\03_DefaultMap.vcxproj", "{B97E811B-C17E-4FD5-8CEE-C61016023F17}"
EndProject
Project("{2150E333-8FDC-42A3-9474-1A3956D46DE8}") = "LLibrary", "LLibrary", "{CC823601-308C-4C99-B6BD-F922842879D0}"
EndProject
Project("{8BC9CEB8-8B4A-11D0-8D11-00A0C91BC942}") = "Library", "TBasisSample\Library\Library.vcxproj", "{2A35ED10-D0B3-4778-8338-E2CCB8C3C67E}"
EndProject
Project("{8BC9CEB8-8B4A-11D0-8D11-00A0C91BC942}") = "04_HeightMap", "3D\04_HeightMap\04_HeightMap.vcxproj", "{D68856BD-E4BC-488D-999B-DC0959C752E3}"
EndProject
Project("{8BC9CEB8-8B4A-11D0-8D11-00A0C91BC942}") = "presentSample", "TBasisSample\presentSample\presentSample.vcxproj", "{2DA8BB6C-DF16-4C35-B6DD-A4137788B6C8}"
EndProject
Global
	GlobalSection(SolutionConfigurationPlatforms) = preSolution
		Debug|x64 = Debug|x64
		Debug|x86 = Debug|x86
		Release|x64 = Release|x64
		Release|x86 = Release|x86
	EndGlobalSection
	GlobalSection(ProjectConfigurationPlatforms) = postSolution
		{FBC02B9C-2EC1-4BBD-A61B-FAEF92584ED3}.Debug|x64.ActiveCfg = Debug|x64
		{FBC02B9C-2EC1-4BBD-A61B-FAEF92584ED3}.Debug|x64.Build.0 = Debug|x64
		{FBC02B9C-2EC1-4BBD-A61B-FAEF92584ED3}.Debug|x86.ActiveCfg = Debug|Win32
		{FBC02B9C-2EC1-4BBD-A61B-FAEF92584ED3}.Debug|x86.Build.0 = Debug|Win32
		{FBC02B9C-2EC1-4BBD-A61B-FAEF92584ED3}.Release|x64.ActiveCfg = Release|x64
		{FBC02B9C-2EC1-4BBD-A61B-FAEF92584ED3}.Release|x64.Build.0 = Release|x64
		{FBC02B9C-2EC1-4BBD-A61B-FAEF92584ED3}.Release|x86.ActiveCfg = Release|Win32
		{FBC02B9C-2EC1-4BBD-A61B-FAEF92584ED3}.Release|x86.Build.0 = Release|Win32
		{28307CD8-2FCC-4557-8EA7-9993DB5A0B49}.Debug|x64.ActiveCfg = Debug|x64
		{28307CD8-2FCC-4557-8EA7-9993DB5A0B49}.Debug|x64.Build.0 = Debug|x64
		{28307CD8-2FCC-4557-8EA7-9993DB5A0B49}.Debug|x86.ActiveCfg = Debug|Win32
		{28307CD8-2FCC-4557-8EA7-9993DB5A0B49}.Debug|x86.Build.0 = Debug|Win32
		{28307CD8-2FCC-4557-8EA7-9993DB5A0B49}.Release|x64.ActiveCfg = Release|x64
		{28307CD8-2FCC-4557-8EA7-9993DB5A0B49}.Release|x64.Build.0 = Release|x64
		{28307CD8-2FCC-4557-8EA7-9993DB5A0B49}.Release|x86.ActiveCfg = Release|Win32
		{28307CD8-2FCC-4557-8EA7-9993DB5A0B49}.Release|x86.Build.0 = Release|Win32
		{875913BA-A9F2-4870-ACA4-12213547D2F7}.Debug|x64.ActiveCfg = Debug|x64
		{875913BA-A9F2-4870-ACA4-12213547D2F7}.Debug|x64.Build.0 = Debug|x64
		{875913BA-A9F2-4870-ACA4-12213547D2F7}.Debug|x86.ActiveCfg = Debug|Win32
		{875913BA-A9F2-4870-ACA4-12213547D2F7}.Debug|x86.Build.0 = Debug|Win32
		{875913BA-A9F2-4870-ACA4-12213547D2F7}.Release|x64.ActiveCfg = Release|x64
		{875913BA-A9F2-4870-ACA4-12213547D2F7}.Release|x64.Build.0 = Release|x64
		{875913BA-A9F2-4870-ACA4-12213547D2F7}.Release|x86.ActiveCfg = Release|Win32
		{875913BA-A9F2-4870-ACA4-12213547D2F7}.Release|x86.Build.0 = Release|Win32
		{0C462C4F-9E7A-4A15-88BA-26FF854F1E11}.Debug|x64.ActiveCfg = Debug|x64
		{0C462C4F-9E7A-4A15-88BA-26FF854F1E11}.Debug|x64.Build.0 = Debug|x64
		{0C462C4F-9E7A-4A15-88BA-26FF854F1E11}.Debug|x86.ActiveCfg = Debug|Win32
		{0C462C4F-9E7A-4A15-88BA-26FF854F1E11}.Debug|x86.Build.0 = Debug|Win32
		{0C462C4F-9E7A-4A15-88BA-26FF854F1E11}.Release|x64.ActiveCfg = Release|x64
		{0C462C4F-9E7A-4A15-88BA-26FF854F1E11}.Release|x64.Build.0 = Release|x64
		{0C462C4F-9E7A-4A15-88BA-26FF854F1E11}.Release|x86.ActiveCfg = Release|Win32
		{0C462C4F-9E7A-4A15-88BA-26FF854F1E11}.Release|x86.Build.0 = Release|Win32
		{A7DE38AB-A1F9-4F81-821F-0F2322B6506C}.Debug|x64.ActiveCfg = Debug|x64
		{A7DE38AB-A1F9-4F81-821F-0F2322B6506C}.Debug|x64.Build.0 = Debug|x64
		{A7DE38AB-A1F9-4F81-821F-0F2322B6506C}.Debug|x86.ActiveCfg = Debug|Win32
		{A7DE38AB-A1F9-4F81-821F-0F2322B6506C}.Debug|x86.Build.0 = Debug|Win32
		{A7DE38AB-A1F9-4F81-821F-0F2322B6506C}.Release|x64.ActiveCfg = Release|x64
		{A7DE38AB-A1F9-4F81-821F-0F2322B6506C}.Release|x64.Build.0 = Release|x64
		{A7DE38AB-A1F9-4F81-821F-0F2322B6506C}.Release|x86.ActiveCfg = Release|Win32
		{A7DE38AB-A1F9-4F81-821F-0F2322B6506C}.Release|x86.Build.0 = Release|Win32
		{32528132-F815-49CA-B674-3DA18F13C0F8}.Debug|x64.ActiveCfg = Debug|x64
		{32528132-F815-49CA-B674-3DA18F13C0F8}.Debug|x64.Build.0 = Debug|x64
		{32528132-F815-49CA-B674-3DA18F13C0F8}.Debug|x86.ActiveCfg = Debug|Win32
		{32528132-F815-49CA-B674-3DA18F13C0F8}.Debug|x86.Build.0 = Debug|Win32
		{32528132-F815-49CA-B674-3DA18F13C0F8}.Release|x64.ActiveCfg = Release|x64
		{32528132-F815-49CA-B674-3DA18F13C0F8}.Release|x64.Build.0 = Release|x64
		{32528132-F815-49CA-B674-3DA18F13C0F8}.Release|x86.ActiveCfg = Release|Win32
		{32528132-F815-49CA-B674-3DA18F13C0F8}.Release|x86.Build.0 = Release|Win32
		{6E8135FA-37A9-4A83-AEB6-9A0320C8ED6F}.Debug|x64.ActiveCfg = Debug|x64
		{6E8135FA-37A9-4A83-AEB6-9A0320C8ED6F}.Debug|x64.Build.0 = Debug|x64
		{6E8135FA-37A9-4A83-AEB6-9A0320C8ED6F}.Debug|x86.ActiveCfg = Debug|Win32
		{6E8135FA-37A9-4A83-AEB6-9A0320C8ED6F}.Debug|x86.Build.0 = Debug|Win32
		{6E8135FA-37A9-4A83-AEB6-9A0320C8ED6F}.Release|x64.ActiveCfg = Release|x64
		{6E8135FA-37A9-4A83-AEB6-9A0320C8ED6F}.Release|x64.Build.0 = Release|x64
		{6E8135FA-37A9-4A83-AEB6-9A0320C8ED6F}.Release|x86.ActiveCfg = Release|Win32
		{6E8135FA-37A9-4A83-AEB6-9A0320C8ED6F}.Release|x86.Build.0 = Release|Win32
		{B4AFE590-FDEB-445F-A92E-FE6AD167F6CE}.Debug|x64.ActiveCfg = Debug|x64
		{B4AFE590-FDEB-445F-A92E-FE6AD167F6CE}.Debug|x64.Build.0 = Debug|x64
		{B4AFE590-FDEB-445F-A92E-FE6AD167F6CE}.Debug|x86.ActiveCfg = Debug|Win32
		{B4AFE590-FDEB-445F-A92E-FE6AD167F6CE}.Debug|x86.Build.0 = Debug|Win32
		{B4AFE590-FDEB-445F-A92E-FE6AD167F6CE}.Release|x64.ActiveCfg = Release|x64
		{B4AFE590-FDEB-445F-A92E-FE6AD167F6CE}.Release|x64.Build.0 = Release|x64
		{B4AFE590-FDEB-445F-A92E-FE6AD167F6CE}.Release|x86.ActiveCfg = Release|Win32
		{B4AFE590-FDEB-445F-A92E-FE6AD167F6CE}.Release|x86.Build.0 = Release|Win32
		{A2920D41-E1F9-4984-809A-0A9C8A2ABDB7}.Debug|x64.ActiveCfg = Debug|x64
		{A2920D41-E1F9-4984-809A-0A9C8A2ABDB7}.Debug|x64.Build.0 = Debug|x64
		{A2920D41-E1F9-4984-809A-0A9C8A2ABDB7}.Debug|x86.ActiveCfg = Debug|Win32
		{A2920D41-E1F9-4984-809A-0A9C8A2ABDB7}.Debug|x86.Build.0 = Debug|Win32
		{A2920D41-E1F9-4984-809A-0A9C8A2ABDB7}.Release|x64.ActiveCfg = Release|x64
		{A2920D41-E1F9-4984-809A-0A9C8A2ABDB7}.Release|x64.Build.0 = Release|x64
		{A2920D41-E1F9-4984-809A-0A9C8A2ABDB7}.Release|x86.ActiveCfg = Release|Win32
		{A2920D41-E1F9-4984-809A-0A9C8A2ABDB7}.Release|x86.Build.0 = Release|Win32
		{6B73BC2B-A262-4F3E-A570-A6408F456504}.Debug|x64.ActiveCfg = Debug|x64
		{6B73BC2B-A262-4F3E-A570-A6408F456504}.Debug|x64.Build.0 = Debug|x64
		{6B73BC2B-A262-4F3E-A570-A6408F456504}.Debug|x86.ActiveCfg = Debug|Win32
		{6B73BC2B-A262-4F3E-A570-A6408F456504}.Debug|x86.Build.0 = Debug|Win32
		{6B73BC2B-A262-4F3E-A570-A6408F456504}.Release|x64.ActiveCfg = Release|x64
		{6B73BC2B-A262-4F3E-A570-A6408F456504}.Release|x64.Build.0 = Release|x64
		{6B73BC2B-A262-4F3E-A570-A6408F456504}.Release|x86.ActiveCfg = Release|Win32
		{6B73BC2B-A262-4F3E-A570-A6408F456504}.Release|x86.Build.0 = Release|Win32
		{17156AEF-4956-432C-BA60-C75DADEE8E1D}.Debug|x64.ActiveCfg = Debug|x64
		{17156AEF-4956-432C-BA60-C75DADEE8E1D}.Debug|x64.Build.0 = Debug|x64
		{17156AEF-4956-432C-BA60-C75DADEE8E1D}.Debug|x86.ActiveCfg = Debug|Win32
		{17156AEF-4956-432C-BA60-C75DADEE8E1D}.Debug|x86.Build.0 = Debug|Win32
		{17156AEF-4956-432C-BA60-C75DADEE8E1D}.Release|x64.ActiveCfg = Release|x64
		{17156AEF-4956-432C-BA60-C75DADEE8E1D}.Release|x64.Build.0 = Release|x64
		{17156AEF-4956-432C-BA60-C75DADEE8E1D}.Release|x86.ActiveCfg = Release|Win32
		{17156AEF-4956-432C-BA60-C75DADEE8E1D}.Release|x86.Build.0 = Release|Win32
		{D9A7D185-8F72-44A1-908E-A78037938857}.Debug|x64.ActiveCfg = Debug|x64
		{D9A7D185-8F72-44A1-908E-A78037938857}.Debug|x64.Build.0 = Debug|x64
		{D9A7D185-8F72-44A1-908E-A78037938857}.Debug|x86.ActiveCfg = Debug|Win32
		{D9A7D185-8F72-44A1-908E-A78037938857}.Debug|x86.Build.0 = Debug|Win32
		{D9A7D185-8F72-44A1-908E-A78037938857}.Release|x64.ActiveCfg = Release|x64
		{D9A7D185-8F72-44A1-908E-A78037938857}.Release|x64.Build.0 = Release|x64
		{D9A7D185-8F72-44A1-908E-A78037938857}.Release|x86.ActiveCfg = Release|Win32
		{D9A7D185-8F72-44A1-908E-A78037938857}.Release|x86.Build.0 = Release|Win32
		{1100C021-DF97-4ABA-BD58-2420B5C33151}.Debug|x64.ActiveCfg = Debug|x64
		{1100C021-DF97-4ABA-BD58-2420B5C33151}.Debug|x64.Build.0 = Debug|x64
		{1100C021-DF97-4ABA-BD58-2420B5C33151}.Debug|x86.ActiveCfg = Debug|Win32
		{1100C021-DF97-4ABA-BD58-2420B5C33151}.Debug|x86.Build.0 = Debug|Win32
		{1100C021-DF97-4ABA-BD58-2420B5C33151}.Release|x64.ActiveCfg = Release|x64
		{1100C021-DF97-4ABA-BD58-2420B5C33151}.Release|x64.Build.0 = Release|x64
		{1100C021-DF97-4ABA-BD58-2420B5C33151}.Release|x86.ActiveCfg = Release|Win32
		{1100C021-DF97-4ABA-BD58-2420B5C33151}.Release|x86.Build.0 = Release|Win32
		{07A81D36-6116-4E24-86E3-47C3D77C130C}.Debug|x64.ActiveCfg = Debug|x64
		{07A81D36-6116-4E24-86E3-47C3D77C130C}.Debug|x64.Build.0 = Debug|x64
		{07A81D36-6116-4E24-86E3-47C3D77C130C}.Debug|x86.ActiveCfg = Debug|Win32
		{07A81D36-6116-4E24-86E3-47C3D77C130C}.Debug|x86.Build.0 = Debug|Win32
		{07A81D36-6116-4E24-86E3-47C3D77C130C}.Release|x64.ActiveCfg = Release|x64
		{07A81D36-6116-4E24-86E3-47C3D77C130C}.Release|x64.Build.0 = Release|x64
		{07A81D36-6116-4E24-86E3-47C3D77C130C}.Release|x86.ActiveCfg = Release|Win32
		{07A81D36-6116-4E24-86E3-47C3D77C130C}.Release|x86.Build.0 = Release|Win32
		{23DAB28D-1FA1-4789-9417-2CF556EAC223}.Debug|x64.ActiveCfg = Debug|x64
		{23DAB28D-1FA1-4789-9417-2CF556EAC223}.Debug|x64.Build.0 = Debug|x64
		{23DAB28D-1FA1-4789-9417-2CF556EAC223}.Debug|x86.ActiveCfg = Debug|Win32
		{23DAB28D-1FA1-4789-9417-2CF556EAC223}.Debug|x86.Build.0 = Debug|Win32
		{23DAB28D-1FA1-4789-9417-2CF556EAC223}.Release|x64.ActiveCfg = Release|x64
		{23DAB28D-1FA1-4789-9417-2CF556EAC223}.Release|x64.Build.0 = Release|x64
		{23DAB28D-1FA1-4789-9417-2CF556EAC223}.Release|x86.ActiveCfg = Release|Win32
		{23DAB28D-1FA1-4789-9417-2CF556EAC223}.Release|x86.Build.0 = Release|Win32
		{B31BDE91-2CFF-441B-A841-19FCD798860C}.Debug|x64.ActiveCfg = Debug|x64
		{B31BDE91-2CFF-441B-A841-19FCD798860C}.Debug|x64.Build.0 = Debug|x64
		{B31BDE91-2CFF-441B-A841-19FCD798860C}.Debug|x86.ActiveCfg = Debug|Win32
		{B31BDE91-2CFF-441B-A841-19FCD798860C}.Debug|x86.Build.0 = Debug|Win32
		{B31BDE91-2CFF-441B-A841-19FCD798860C}.Release|x64.ActiveCfg = Release|x64
		{B31BDE91-2CFF-441B-A841-19FCD798860C}.Release|x64.Build.0 = Release|x64
		{B31BDE91-2CFF-441B-A841-19FCD798860C}.Release|x86.ActiveCfg = Release|Win32
		{B31BDE91-2CFF-441B-A841-19FCD798860C}.Release|x86.Build.0 = Release|Win32
		{A3E90E65-5ACD-49EF-9101-72474B5F1CEE}.Debug|x64.ActiveCfg = Debug|x64
		{A3E90E65-5ACD-49EF-9101-72474B5F1CEE}.Debug|x64.Build.0 = Debug|x64
		{A3E90E65-5ACD-49EF-9101-72474B5F1CEE}.Debug|x86.ActiveCfg = Debug|Win32
		{A3E90E65-5ACD-49EF-9101-72474B5F1CEE}.Debug|x86.Build.0 = Debug|Win32
		{A3E90E65-5ACD-49EF-9101-72474B5F1CEE}.Release|x64.ActiveCfg = Release|x64
		{A3E90E65-5ACD-49EF-9101-72474B5F1CEE}.Release|x64.Build.0 = Release|x64
		{A3E90E65-5ACD-49EF-9101-72474B5F1CEE}.Release|x86.ActiveCfg = Release|Win32
		{A3E90E65-5ACD-49EF-9101-72474B5F1CEE}.Release|x86.Build.0 = Release|Win32
		{9533F086-E041-49C2-AF07-B5FC2CC56C50}.Debug|x64.ActiveCfg = Debug|x64
		{9533F086-E041-49C2-AF07-B5FC2CC56C50}.Debug|x64.Build.0 = Debug|x64
		{9533F086-E041-49C2-AF07-B5FC2CC56C50}.Debug|x86.ActiveCfg = Debug|Win32
		{9533F086-E041-49C2-AF07-B5FC2CC56C50}.Debug|x86.Build.0 = Debug|Win32
		{9533F086-E041-49C2-AF07-B5FC2CC56C50}.Release|x64.ActiveCfg = Release|x64
		{9533F086-E041-49C2-AF07-B5FC2CC56C50}.Release|x64.Build.0 = Release|x64
		{9533F086-E041-49C2-AF07-B5FC2CC56C50}.Release|x86.ActiveCfg = Release|Win32
		{9533F086-E041-49C2-AF07-B5FC2CC56C50}.Release|x86.Build.0 = Release|Win32
		{742EB159-506C-4E98-839A-E3C3FB18A055}.Debug|x64.ActiveCfg = Debug|x64
		{742EB159-506C-4E98-839A-E3C3FB18A055}.Debug|x64.Build.0 = Debug|x64
		{742EB159-506C-4E98-839A-E3C3FB18A055}.Debug|x86.ActiveCfg = Debug|Win32
		{742EB159-506C-4E98-839A-E3C3FB18A055}.Debug|x86.Build.0 = Debug|Win32
		{742EB159-506C-4E98-839A-E3C3FB18A055}.Release|x64.ActiveCfg = Release|x64
		{742EB159-506C-4E98-839A-E3C3FB18A055}.Release|x64.Build.0 = Release|x64
		{742EB159-506C-4E98-839A-E3C3FB18A055}.Release|x86.ActiveCfg = Release|Win32
		{742EB159-506C-4E98-839A-E3C3FB18A055}.Release|x86.Build.0 = Release|Win32
		{B97E811B-C17E-4FD5-8CEE-C61016023F17}.Debug|x64.ActiveCfg = Debug|x64
		{B97E811B-C17E-4FD5-8CEE-C61016023F17}.Debug|x64.Build.0 = Debug|x64
		{B97E811B-C17E-4FD5-8CEE-C61016023F17}.Debug|x86.ActiveCfg = Debug|Win32
		{B97E811B-C17E-4FD5-8CEE-C61016023F17}.Debug|x86.Build.0 = Debug|Win32
		{B97E811B-C17E-4FD5-8CEE-C61016023F17}.Release|x64.ActiveCfg = Release|x64
		{B97E811B-C17E-4FD5-8CEE-C61016023F17}.Release|x64.Build.0 = Release|x64
		{B97E811B-C17E-4FD5-8CEE-C61016023F17}.Release|x86.ActiveCfg = Release|Win32
		{B97E811B-C17E-4FD5-8CEE-C61016023F17}.Release|x86.Build.0 = Release|Win32
		{2A35ED10-D0B3-4778-8338-E2CCB8C3C67E}.Debug|x64.ActiveCfg = Debug|x64
		{2A35ED10-D0B3-4778-8338-E2CCB8C3C67E}.Debug|x64.Build.0 = Debug|x64
		{2A35ED10-D0B3-4778-8338-E2CCB8C3C67E}.Debug|x86.ActiveCfg = Debug|Win32
		{2A35ED10-D0B3-4778-8338-E2CCB8C3C67E}.Debug|x86.Build.0 = Debug|Win32
		{2A35ED10-D0B3-4778-8338-E2CCB8C3C67E}.Release|x64.ActiveCfg = Release|x64
		{2A35ED10-D0B3-4778-8338-E2CCB8C3C67E}.Release|x64.Build.0 = Release|x64
		{2A35ED10-D0B3-4778-8338-E2CCB8C3C67E}.Release|x86.ActiveCfg = Release|Win32
		{2A35ED10-D0B3-4778-8338-E2CCB8C3C67E}.Release|x86.Build.0 = Release|Win32
		{D68856BD-E4BC-488D-999B-DC0959C752E3}.Debug|x64.ActiveCfg = Debug|x64
		{D68856BD-E4BC-488D-999B-DC0959C752E3}.Debug|x64.Build.0 = Debug|x64
		{D68856BD-E4BC-488D-999B-DC0959C752E3}.Debug|x86.ActiveCfg = Debug|Win32
		{D68856BD-E4BC-488D-999B-DC0959C752E3}.Debug|x86.Build.0 = Debug|Win32
		{D68856BD-E4BC-488D-999B-DC0959C752E3}.Release|x64.ActiveCfg = Release|x64
		{D68856BD-E4BC-488D-999B-DC0959C752E3}.Release|x64.Build.0 = Release|x64
		{D68856BD-E4BC-488D-999B-DC0959C752E3}.Release|x86.ActiveCfg = Release|Win32
		{D68856BD-E4BC-488D-999B-DC0959C752E3}.Release|x86.Build.0 = Release|Win32
		{2DA8BB6C-DF16-4C35-B6DD-A4137788B6C8}.Debug|x64.ActiveCfg = Debug|x64
		{2DA8BB6C-DF16-4C35-B6DD-A4137788B6C8}.Debug|x64.Build.0 = Debug|x64
		{2DA8BB6C-DF16-4C35-B6DD-A4137788B6C8}.Debug|x86.ActiveCfg = Debug|Win32
		{2DA8BB6C-DF16-4C35-B6DD-A4137788B6C8}.Debug|x86.Build.0 = Debug|Win32
		{2DA8BB6C-DF16-4C35-B6DD-A4137788B6C8}.Release|x64.ActiveCfg = Release|x64
		{2DA8BB6C-DF16-4C35-B6DD-A4137788B6C8}.Release|x64.Build.0 = Release|x64
		{2DA8BB6C-DF16-4C35-B6DD-A4137788B6C8}.Release|x86.ActiveCfg = Release|Win32
		{2DA8BB6C-DF16-4C35-B6DD-A4137788B6C8}.Release|x86.Build.0 = Release|Win32
	EndGlobalSection
	GlobalSection(SolutionProperties) = preSolution
		HideSolutionNode = FALSE
	EndGlobalSection
	GlobalSection(NestedProjects) = preSolution
		{FBC02B9C-2EC1-4BBD-A61B-FAEF92584ED3} = {C1BB472A-95E2-476C-B93C-679A5322D371}
		{28307CD8-2FCC-4557-8EA7-9993DB5A0B49} = {C1BB472A-95E2-476C-B93C-679A5322D371}
		{875913BA-A9F2-4870-ACA4-12213547D2F7} = {C1BB472A-95E2-476C-B93C-679A5322D371}
		{0C462C4F-9E7A-4A15-88BA-26FF854F1E11} = {C1BB472A-95E2-476C-B93C-679A5322D371}
		{A7DE38AB-A1F9-4F81-821F-0F2322B6506C} = {C1BB472A-95E2-476C-B93C-679A5322D371}
		{32528132-F815-49CA-B674-3DA18F13C0F8} = {C1BB472A-95E2-476C-B93C-679A5322D371}
		{6E8135FA-37A9-4A83-AEB6-9A0320C8ED6F} = {C1BB472A-95E2-476C-B93C-679A5322D371}
		{B4AFE590-FDEB-445F-A92E-FE6AD167F6CE} = {0A784478-ECC5-46E9-858D-B36A04E1F4C0}
		{A2920D41-E1F9-4984-809A-0A9C8A2ABDB7} = {0A784478-ECC5-46E9-858D-B36A04E1F4C0}
		{6B73BC2B-A262-4F3E-A570-A6408F456504} = {0A784478-ECC5-46E9-858D-B36A04E1F4C0}
		{17156AEF-4956-432C-BA60-C75DADEE8E1D} = {0A784478-ECC5-46E9-858D-B36A04E1F4C0}
		{D9A7D185-8F72-44A1-908E-A78037938857} = {80AC35E0-FC06-4DD4-9777-DA778C9917F4}
		{1100C021-DF97-4ABA-BD58-2420B5C33151} = {80AC35E0-FC06-4DD4-9777-DA778C9917F4}
		{07A81D36-6116-4E24-86E3-47C3D77C130C} = {80AC35E0-FC06-4DD4-9777-DA778C9917F4}
		{23DAB28D-1FA1-4789-9417-2CF556EAC223} = {80AC35E0-FC06-4DD4-9777-DA778C9917F4}
		{B31BDE91-2CFF-441B-A841-19FCD798860C} = {0A784478-ECC5-46E9-858D-B36A04E1F4C0}
		{A3E90E65-5ACD-49EF-9101-72474B5F1CEE} = {E31B8CEB-AE0D-4D46-B265-6E29893DCE9B}
		{9533F086-E041-49C2-AF07-B5FC2CC56C50} = {E31B8CEB-AE0D-4D46-B265-6E29893DCE9B}
		{742EB159-506C-4E98-839A-E3C3FB18A055} = {E31B8CEB-AE0D-4D46-B265-6E29893DCE9B}
		{B97E811B-C17E-4FD5-8CEE-C61016023F17} = {E31B8CEB-AE0D-4D46-B265-6E29893DCE9B}
		{2A35ED10-D0B3-4778-8338-E2CCB8C3C67E} = {CC823601-308C-4C99-B6BD-F922842879D0}
		{D68856BD-E4BC-488D-999B-DC0959C752E3} = {E31B8CEB-AE0D-4D46-B265-6E29893DCE9B}
		{2DA8BB6C-DF16-4C35-B6DD-A4137788B6C8} = {CC823601-308C-4C99-B6BD-F922842879D0}
	EndGlobalSection
	GlobalSection(ExtensibilityGlobals) = postSolution
		SolutionGuid = {9E0802D6-2F8B-4E2D-93FE-E499E143B2DA}
	EndGlobalSection
EndGlobal
