<?xml version="1.0" encoding="utf-8"?>
<Project ToolsVersion="4.0" xmlns="http://schemas.microsoft.com/developer/msbuild/2003">
  <ItemGroup>
    <Filter Include="1%29 main">
      <UniqueIdentifier>{23ff34fb-3bca-458b-a29f-3a1863f1ce12}</UniqueIdentifier>
    </Filter>
    <Filter Include="4%29 Camera">
      <UniqueIdentifier>{93995380-89BD-4b04-88EB-625FBE52EBFB}</UniqueIdentifier>
      <Extensions>h;hh;hpp;hxx;hm;inl;inc;xsd</Extensions>
    </Filter>
    <Filter Include="3%29 Obj">
      <UniqueIdentifier>{4FC737F1-C7A5-4376-A066-2A32D752A2FF}</UniqueIdentifier>
      <Extensions>cpp;c;cc;cxx;def;odl;idl;hpj;bat;asm;asmx</Extensions>
    </Filter>
    <Filter Include="2%29 Function">
      <UniqueIdentifier>{4ab2a2f1-2978-4f9a-933c-65c8548f1d46}</UniqueIdentifier>
    </Filter>
    <Filter Include="3%29 Obj\10_Shapes_DX">
      <UniqueIdentifier>{6fd6d608-d52a-4aaa-9b8b-b920c974bdff}</UniqueIdentifier>
    </Filter>
    <Filter Include="shader">
      <UniqueIdentifier>{cbab6a52-9919-4ca0-b8a6-5af250e1d31a}</UniqueIdentifier>
    </Filter>
    <Filter Include="5%29 Map">
      <UniqueIdentifier>{af931d2f-0a12-47e7-ad8a-2f3e4f3c279e}</UniqueIdentifier>
    </Filter>
  </ItemGroup>
  <ItemGroup>
    <ClInclude Include="SkyBox.h">
      <Filter>5%29 Map</Filter>
    </ClInclude>
    <ClInclude Include="header_DX.h">
      <Filter>1%29 main</Filter>
    </ClInclude>
    <ClInclude Include="deviceC_DX.h">
      <Filter>1%29 main</Filter>
    </ClInclude>
    <ClInclude Include="wndC_DX.h">
      <Filter>1%29 main</Filter>
    </ClInclude>
    <ClInclude Include="coreC_DX.h">
      <Filter>1%29 main</Filter>
    </ClInclude>
    <ClInclude Include="timerC_DX.h">
      <Filter>2%29 Function</Filter>
    </ClInclude>
    <ClInclude Include="writeC_DX.h">
      <Filter>2%29 Function</Filter>
    </ClInclude>
    <ClInclude Include="inputC_DX.h">
      <Filter>2%29 Function</Filter>
    </ClInclude>
    <ClInclude Include="Shape_DX.h">
      <Filter>3%29 Obj\10_Shapes_DX</Filter>
    </ClInclude>
    <ClInclude Include="Shapes_DX.h">
      <Filter>3%29 Obj\10_Shapes_DX</Filter>
    </ClInclude>
    <ClInclude Include="Shapes_ext.h">
      <Filter>3%29 Obj\10_Shapes_DX</Filter>
    </ClInclude>
    <ClInclude Include="Obj3d_DX.h">
      <Filter>3%29 Obj</Filter>
    </ClInclude>
    <ClInclude Include="Obj3d_Header.h">
      <Filter>3%29 Obj</Filter>
    </ClInclude>
    <ClInclude Include="dxState.h">
      <Filter>3%29 Obj</Filter>
    </ClInclude>
    <ClInclude Include="Camera_DX.h">
      <Filter>4%29 Camera</Filter>
    </ClInclude>
    <ClInclude Include="ArcBall_DX.h">
      <Filter>4%29 Camera</Filter>
    </ClInclude>
    <ClInclude Include="Flustum_DX.h">
      <Filter>4%29 Camera</Filter>
    </ClInclude>
    <ClInclude Include="ModelView_DX.h">
      <Filter>4%29 Camera</Filter>
    </ClInclude>
  </ItemGroup>
  <ItemGroup>
    <ClCompile Include="SkyBox.cpp">
      <Filter>5%29 Map</Filter>
    </ClCompile>
    <ClCompile Include="deviceC_DX.cpp">
      <Filter>1%29 main</Filter>
    </ClCompile>
    <ClCompile Include="wndC_DX.cpp">
      <Filter>1%29 main</Filter>
    </ClCompile>
    <ClCompile Include="coreC_DX.cpp">
      <Filter>1%29 main</Filter>
    </ClCompile>
    <ClCompile Include="timerC_DX.cpp">
      <Filter>2%29 Function</Filter>
    </ClCompile>
    <ClCompile Include="writeC_DX.cpp">
      <Filter>2%29 Function</Filter>
    </ClCompile>
    <ClCompile Include="inputC_DX.cpp">
      <Filter>2%29 Function</Filter>
    </ClCompile>
    <ClCompile Include="Shape_DX.cpp">
      <Filter>3%29 Obj\10_Shapes_DX</Filter>
    </ClCompile>
    <ClCompile Include="Shapes_DX.cpp">
      <Filter>3%29 Obj\10_Shapes_DX</Filter>
    </ClCompile>
    <ClCompile Include="Shapes_ext.cpp">
      <Filter>3%29 Obj\10_Shapes_DX</Filter>
    </ClCompile>
    <ClCompile Include="Obj3d_DX.cpp">
      <Filter>3%29 Obj</Filter>
    </ClCompile>
    <ClCompile Include="dxState.cpp">
      <Filter>3%29 Obj</Filter>
    </ClCompile>
    <ClCompile Include="Camera_DX.cpp">
      <Filter>4%29 Camera</Filter>
    </ClCompile>
    <ClCompile Include="ArcBall_DX.cpp">
      <Filter>4%29 Camera</Filter>
    </ClCompile>
    <ClCompile Include="Flustum_DX.cpp">
      <Filter>4%29 Camera</Filter>
    </ClCompile>
    <ClCompile Include="ModelView_DX.cpp">
      <Filter>4%29 Camera</Filter>
    </ClCompile>
  </ItemGroup>
  <ItemGroup>
    <FxCompile Include="vs.hlsl">
      <Filter>shader</Filter>
    </FxCompile>
    <FxCompile Include="ps.hlsl">
      <Filter>shader</Filter>
    </FxCompile>
    <FxCompile Include="gs.hlsl">
      <Filter>shader</Filter>
    </FxCompile>
    <FxCompile Include="pssky.hlsl">
      <Filter>shader</Filter>
    </FxCompile>
    <FxCompile Include="vssky.hlsl">
      <Filter>shader</Filter>
    </FxCompile>
  </ItemGroup>
</Project>